{
    "name": "api",
    "version": "1.0.0",
    "lockfileVersion": 1,
    "requires": true,
    "dependencies": {
        "graphql-compose": {
            "version": "7.6.1",
            "resolved": "https://registry.npmjs.org/graphql-compose/-/graphql-compose-7.6.1.tgz",
            "integrity": "sha512-TINW0q5OshQwW1LMV+DB1cRBkEd6gA3b1pUsmseVGdv73zqOw2XcYqO5hNFK/HW0OUNF4O0ehzuHdESWlFU1oQ==",
            "requires": {
                "graphql-type-json": "^0.3.1",
                "object-path": "^0.11.4"
            }
        },
        "graphql-compose-connection": {
            "version": "6.0.3",
            "resolved": "https://registry.npmjs.org/graphql-compose-connection/-/graphql-compose-connection-6.0.3.tgz",
            "integrity": "sha512-vGoh+4ewZxRDcaINPupJD/d3Ie6X/Mrc4+ctHF6bgI1WIh0RHTJWCEysrKGvh+yAO+rGrES1JpfAkY4iidDddA==",
            "optional": true
        },
        "graphql-compose-mongoose": {
            "version": "7.3.0",
            "resolved": "https://registry.npmjs.org/graphql-compose-mongoose/-/graphql-compose-mongoose-7.3.0.tgz",
            "integrity": "sha512-nTljCrm8OWuH6yh8FrTzD/d1ieC3z6LAbJBweoix0StefCP8WMPam2c5tc/GdARJOgjuFhBtDGx4iV1xdJ4+hQ==",
            "requires": {
                "graphql-compose-connection": "^6.0.3",
                "graphql-compose-pagination": "^6.0.3",
                "object-path": "^0.11.4"
            }
        },
        "graphql-compose-pagination": {
            "version": "6.0.3",
            "resolved": "https://registry.npmjs.org/graphql-compose-pagination/-/graphql-compose-pagination-6.0.3.tgz",
            "integrity": "sha512-XMiDSzLc/R13RXz2tpzWOQFTmkDZqVg6zSn3RBpoK2k9Ocg1JgfnIW3VeRw6vOG/Fm8dlWKzyBvQiicG33h8oQ==",
            "optional": true
        },
        "graphql-type-json": {
            "version": "0.3.1",
            "resolved": "https://registry.npmjs.org/graphql-type-json/-/graphql-type-json-0.3.1.tgz",
            "integrity": "sha512-1lPkUXQ2L8o+ERLzVAuc3rzc/E6pGF+6HnjihCVTK0VzR0jCuUd92FqNxoHdfILXqOn2L6b4y47TBxiPyieUVA=="
        },
        "object-path": {
            "version": "0.11.4",
            "resolved": "https://registry.npmjs.org/object-path/-/object-path-0.11.4.tgz",
            "integrity": "sha1-NwrnUvvzfePqcKhhwju6iRVpGUk="
        }
    }
}
